
Microsoft Visual Studio Solution File, Format Version 12.00
# Visual Studio 14
VisualStudioVersion = 14.0.23107.0
MinimumVisualStudioVersion = 10.0.40219.1
Project("{2150E333-8FDC-42A3-9474-1A3956D46DE8}") = "ClientLayer", "ClientLayer", "{7936B503-0D1D-4A98-97CF-511B7CFDB093}"
EndProject
Project("{2150E333-8FDC-42A3-9474-1A3956D46DE8}") = "DomainLayer", "DomainLayer", "{47EFCBC8-8414-4835-A75C-6021A97067BE}"
EndProject
Project("{FAE04EC0-301F-11D3-BF4B-00C04F79EFBC}") = "FMS.DesktopUI", "FMS.DesktopUI\FMS.DesktopUI.csproj", "{A0CED1B4-59CC-4962-8B3B-608BA2F1FDBA}"
EndProject
Project("{FAE04EC0-301F-11D3-BF4B-00C04F79EFBC}") = "FMS.Repository", "FMS.Repository\FMS.Repository.csproj", "{9123542E-81AF-438D-A444-602FF71F8C22}"
EndProject
Project("{FAE04EC0-301F-11D3-BF4B-00C04F79EFBC}") = "FMS.Model", "FMS.Model\FMS.Model.csproj", "{D7DC1301-E62D-4684-A420-D56A60BB5C84}"
EndProject
Global
	GlobalSection(SolutionConfigurationPlatforms) = preSolution
		Debug|Any CPU = Debug|Any CPU
		Release|Any CPU = Release|Any CPU
	EndGlobalSection
	GlobalSection(ProjectConfigurationPlatforms) = postSolution
		{A0CED1B4-59CC-4962-8B3B-608BA2F1FDBA}.Debug|Any CPU.ActiveCfg = Debug|Any CPU
		{A0CED1B4-59CC-4962-8B3B-608BA2F1FDBA}.Debug|Any CPU.Build.0 = Debug|Any CPU
		{A0CED1B4-59CC-4962-8B3B-608BA2F1FDBA}.Release|Any CPU.ActiveCfg = Release|Any CPU
		{A0CED1B4-59CC-4962-8B3B-608BA2F1FDBA}.Release|Any CPU.Build.0 = Release|Any CPU
		{9123542E-81AF-438D-A444-602FF71F8C22}.Debug|Any CPU.ActiveCfg = Debug|Any CPU
		{9123542E-81AF-438D-A444-602FF71F8C22}.Debug|Any CPU.Build.0 = Debug|Any CPU
		{9123542E-81AF-438D-A444-602FF71F8C22}.Release|Any CPU.ActiveCfg = Release|Any CPU
		{9123542E-81AF-438D-A444-602FF71F8C22}.Release|Any CPU.Build.0 = Release|Any CPU
		{D7DC1301-E62D-4684-A420-D56A60BB5C84}.Debug|Any CPU.ActiveCfg = Debug|Any CPU
		{D7DC1301-E62D-4684-A420-D56A60BB5C84}.Debug|Any CPU.Build.0 = Debug|Any CPU
		{D7DC1301-E62D-4684-A420-D56A60BB5C84}.Release|Any CPU.ActiveCfg = Release|Any CPU
		{D7DC1301-E62D-4684-A420-D56A60BB5C84}.Release|Any CPU.Build.0 = Release|Any CPU
	EndGlobalSection
	GlobalSection(SolutionProperties) = preSolution
		HideSolutionNode = FALSE
	EndGlobalSection
	GlobalSection(NestedProjects) = preSolution
		{A0CED1B4-59CC-4962-8B3B-608BA2F1FDBA} = {7936B503-0D1D-4A98-97CF-511B7CFDB093}
		{9123542E-81AF-438D-A444-602FF71F8C22} = {47EFCBC8-8414-4835-A75C-6021A97067BE}
		{D7DC1301-E62D-4684-A420-D56A60BB5C84} = {47EFCBC8-8414-4835-A75C-6021A97067BE}
	EndGlobalSection
EndGlobal
